
Microsoft Visual Studio Solution File, Format Version 12.00
# Visual Studio Version 16
VisualStudioVersion = 16.0.30114.105
MinimumVisualStudioVersion = 10.0.40219.1
Project("{FAE04EC0-301F-11D3-BF4B-00C04F79EFBC}") = "CLI", "CLI\CLI.csproj", "{538D46E6-47E3-4EB8-8239-1628F7C14A94}"
EndProject
Project("{FAE04EC0-301F-11D3-BF4B-00C04F79EFBC}") = "foodLib", "foodLib\foodLib.csproj", "{4DD79150-E691-40C2-80F6-751C8DA5888F}"
EndProject
Project("{FAE04EC0-301F-11D3-BF4B-00C04F79EFBC}") = "GUI", "GUI\GUI.csproj", "{C2002611-F400-4972-9168-62C806FB709F}"
EndProject
Global
	GlobalSection(SolutionConfigurationPlatforms) = preSolution
		Debug|Any CPU = Debug|Any CPU
		Release|Any CPU = Release|Any CPU
	EndGlobalSection
	GlobalSection(SolutionProperties) = preSolution
		HideSolutionNode = FALSE
	EndGlobalSection
	GlobalSection(ProjectConfigurationPlatforms) = postSolution
		{538D46E6-47E3-4EB8-8239-1628F7C14A94}.Debug|Any CPU.ActiveCfg = Debug|Any CPU
		{538D46E6-47E3-4EB8-8239-1628F7C14A94}.Debug|Any CPU.Build.0 = Debug|Any CPU
		{538D46E6-47E3-4EB8-8239-1628F7C14A94}.Release|Any CPU.ActiveCfg = Release|Any CPU
		{538D46E6-47E3-4EB8-8239-1628F7C14A94}.Release|Any CPU.Build.0 = Release|Any CPU
		{4DD79150-E691-40C2-80F6-751C8DA5888F}.Debug|Any CPU.ActiveCfg = Debug|Any CPU
		{4DD79150-E691-40C2-80F6-751C8DA5888F}.Debug|Any CPU.Build.0 = Debug|Any CPU
		{4DD79150-E691-40C2-80F6-751C8DA5888F}.Release|Any CPU.ActiveCfg = Release|Any CPU
		{4DD79150-E691-40C2-80F6-751C8DA5888F}.Release|Any CPU.Build.0 = Release|Any CPU
		{C2002611-F400-4972-9168-62C806FB709F}.Debug|Any CPU.ActiveCfg = Debug|Any CPU
		{C2002611-F400-4972-9168-62C806FB709F}.Debug|Any CPU.Build.0 = Debug|Any CPU
		{C2002611-F400-4972-9168-62C806FB709F}.Release|Any CPU.ActiveCfg = Release|Any CPU
		{C2002611-F400-4972-9168-62C806FB709F}.Release|Any CPU.Build.0 = Release|Any CPU
	EndGlobalSection
EndGlobal
